
Microsoft Visual Studio Solution File, Format Version 12.00
Project("{FAE04EC0-301F-11D3-BF4B-00C04F79EFBC}") = "MlffWebApi", "MlffWebApi\MlffWebApi.csproj", "{81A66634-86B6-4F2B-9A44-A2DF1CF9F807}"
EndProject
Global
	GlobalSection(SolutionConfigurationPlatforms) = preSolution
		Debug|Any CPU = Debug|Any CPU
		Release|Any CPU = Release|Any CPU
	EndGlobalSection
	GlobalSection(ProjectConfigurationPlatforms) = postSolution
		{81A66634-86B6-4F2B-9A44-A2DF1CF9F807}.Debug|Any CPU.ActiveCfg = Debug|Any CPU
		{81A66634-86B6-4F2B-9A44-A2DF1CF9F807}.Debug|Any CPU.Build.0 = Debug|Any CPU
		{81A66634-86B6-4F2B-9A44-A2DF1CF9F807}.Release|Any CPU.ActiveCfg = Release|Any CPU
		{81A66634-86B6-4F2B-9A44-A2DF1CF9F807}.Release|Any CPU.Build.0 = Release|Any CPU
		{FFC1C050-F7DD-4904-B3CE-AD572F5D2C9F}.Debug|Any CPU.ActiveCfg = Debug|Any CPU
		{FFC1C050-F7DD-4904-B3CE-AD572F5D2C9F}.Debug|Any CPU.Build.0 = Debug|Any CPU
		{FFC1C050-F7DD-4904-B3CE-AD572F5D2C9F}.Release|Any CPU.ActiveCfg = Release|Any CPU
		{FFC1C050-F7DD-4904-B3CE-AD572F5D2C9F}.Release|Any CPU.Build.0 = Release|Any CPU
	EndGlobalSection
EndGlobal
